{
  "version": "3",
  "packages": {
    "specifiers": {
      "npm:geojson2h3": "npm:geojson2h3@1.2.0"
    },
    "npm": {
      "geojson2h3@1.2.0": {
        "integrity": "sha512-UF8JLT4mPHSSKFWibBrdRbEkN0nQVWawjgodwoKUjB8jTJ/AB9uTkvlVmSC/eE6Ysy0pJdL36ogEg8qCt27r5g==",
        "dependencies": {
          "h3-js": "h3-js@3.7.2"
        }
      },
      "h3-js@3.7.2": {
        "integrity": "sha512-LPjlHSwB9zQZrMqKloCZmmmt3yZzIK7nqPcXqwU93zT3TtYG6jP4tZBzAPouxut7lLjdFbMQ75wRBiKfpsnY7w==",
        "dependencies": {}
      }
    }
  },
  "remote": {}
}
